
Microsoft Visual Studio Solution File, Format Version 12.00
# Visual Studio Version 17
VisualStudioVersion = 17.13.35919.96
MinimumVisualStudioVersion = 10.0.40219.1
Project("{8BC9CEB8-8B4A-11D0-8D11-00A0C91BC942}") = "HelloWorld", "HelloWorld\HelloWorld.vcxproj", "{722DF73D-51F6-4CCF-A16E-ED12C7CE4E52}"
EndProject
Project("{8BC9CEB8-8B4A-11D0-8D11-00A0C91BC942}") = "DataTypes", "DataTypes\DataTypes.vcxproj", "{0E36C1BA-459F-438E-8672-05E7C1061288}"
EndProject
Project("{8BC9CEB8-8B4A-11D0-8D11-00A0C91BC942}") = "UserDataTypes", "UserDataTypes\UserDataTypes.vcxproj", "{B977E898-DF31-4309-9BEB-BB8B602AD367}"
EndProject
Project("{8BC9CEB8-8B4A-11D0-8D11-00A0C91BC942}") = "GuessingGame", "GuessingGame\GuessingGame.vcxproj", "{96DA226D-8A71-4B45-B92F-134EFC9CD089}"
EndProject
Project("{8BC9CEB8-8B4A-11D0-8D11-00A0C91BC942}") = "Containers", "Containers\Containers.vcxproj", "{CFE07D35-1513-4BC5-9AF8-80F81DFF59E6}"
EndProject
Project("{8BC9CEB8-8B4A-11D0-8D11-00A0C91BC942}") = "Pointers", "Pointers\Pointers.vcxproj", "{9B48ED5A-37D9-47EF-B123-E7B6E64A15FA}"
EndProject
Project("{8BC9CEB8-8B4A-11D0-8D11-00A0C91BC942}") = "References", "References\References.vcxproj", "{435BE526-01CE-4F6D-8A57-D7FD851CA9D5}"
EndProject
Project("{8BC9CEB8-8B4A-11D0-8D11-00A0C91BC942}") = "OOP", "OOP\OOP.vcxproj", "{E55A6D0E-72D2-4623-BD0D-8C199AFBD47B}"
EndProject
Project("{8BC9CEB8-8B4A-11D0-8D11-00A0C91BC942}") = "MemoryReview", "MemoryReview\MemoryReview.vcxproj", "{2050F1D1-E07D-494F-BD21-FEFD2FA034D6}"
EndProject
Global
	GlobalSection(SolutionConfigurationPlatforms) = preSolution
		Debug|x64 = Debug|x64
		Debug|x86 = Debug|x86
		Release|x64 = Release|x64
		Release|x86 = Release|x86
	EndGlobalSection
	GlobalSection(ProjectConfigurationPlatforms) = postSolution
		{722DF73D-51F6-4CCF-A16E-ED12C7CE4E52}.Debug|x64.ActiveCfg = Debug|x64
		{722DF73D-51F6-4CCF-A16E-ED12C7CE4E52}.Debug|x64.Build.0 = Debug|x64
		{722DF73D-51F6-4CCF-A16E-ED12C7CE4E52}.Debug|x86.ActiveCfg = Debug|Win32
		{722DF73D-51F6-4CCF-A16E-ED12C7CE4E52}.Debug|x86.Build.0 = Debug|Win32
		{722DF73D-51F6-4CCF-A16E-ED12C7CE4E52}.Release|x64.ActiveCfg = Release|x64
		{722DF73D-51F6-4CCF-A16E-ED12C7CE4E52}.Release|x64.Build.0 = Release|x64
		{722DF73D-51F6-4CCF-A16E-ED12C7CE4E52}.Release|x86.ActiveCfg = Release|Win32
		{722DF73D-51F6-4CCF-A16E-ED12C7CE4E52}.Release|x86.Build.0 = Release|Win32
		{0E36C1BA-459F-438E-8672-05E7C1061288}.Debug|x64.ActiveCfg = Debug|x64
		{0E36C1BA-459F-438E-8672-05E7C1061288}.Debug|x64.Build.0 = Debug|x64
		{0E36C1BA-459F-438E-8672-05E7C1061288}.Debug|x86.ActiveCfg = Debug|Win32
		{0E36C1BA-459F-438E-8672-05E7C1061288}.Debug|x86.Build.0 = Debug|Win32
		{0E36C1BA-459F-438E-8672-05E7C1061288}.Release|x64.ActiveCfg = Release|x64
		{0E36C1BA-459F-438E-8672-05E7C1061288}.Release|x64.Build.0 = Release|x64
		{0E36C1BA-459F-438E-8672-05E7C1061288}.Release|x86.ActiveCfg = Release|Win32
		{0E36C1BA-459F-438E-8672-05E7C1061288}.Release|x86.Build.0 = Release|Win32
		{B977E898-DF31-4309-9BEB-BB8B602AD367}.Debug|x64.ActiveCfg = Debug|x64
		{B977E898-DF31-4309-9BEB-BB8B602AD367}.Debug|x64.Build.0 = Debug|x64
		{B977E898-DF31-4309-9BEB-BB8B602AD367}.Debug|x86.ActiveCfg = Debug|Win32
		{B977E898-DF31-4309-9BEB-BB8B602AD367}.Debug|x86.Build.0 = Debug|Win32
		{B977E898-DF31-4309-9BEB-BB8B602AD367}.Release|x64.ActiveCfg = Release|x64
		{B977E898-DF31-4309-9BEB-BB8B602AD367}.Release|x64.Build.0 = Release|x64
		{B977E898-DF31-4309-9BEB-BB8B602AD367}.Release|x86.ActiveCfg = Release|Win32
		{B977E898-DF31-4309-9BEB-BB8B602AD367}.Release|x86.Build.0 = Release|Win32
		{96DA226D-8A71-4B45-B92F-134EFC9CD089}.Debug|x64.ActiveCfg = Debug|x64
		{96DA226D-8A71-4B45-B92F-134EFC9CD089}.Debug|x64.Build.0 = Debug|x64
		{96DA226D-8A71-4B45-B92F-134EFC9CD089}.Debug|x86.ActiveCfg = Debug|Win32
		{96DA226D-8A71-4B45-B92F-134EFC9CD089}.Debug|x86.Build.0 = Debug|Win32
		{96DA226D-8A71-4B45-B92F-134EFC9CD089}.Release|x64.ActiveCfg = Release|x64
		{96DA226D-8A71-4B45-B92F-134EFC9CD089}.Release|x64.Build.0 = Release|x64
		{96DA226D-8A71-4B45-B92F-134EFC9CD089}.Release|x86.ActiveCfg = Release|Win32
		{96DA226D-8A71-4B45-B92F-134EFC9CD089}.Release|x86.Build.0 = Release|Win32
		{CFE07D35-1513-4BC5-9AF8-80F81DFF59E6}.Debug|x64.ActiveCfg = Debug|x64
		{CFE07D35-1513-4BC5-9AF8-80F81DFF59E6}.Debug|x64.Build.0 = Debug|x64
		{CFE07D35-1513-4BC5-9AF8-80F81DFF59E6}.Debug|x86.ActiveCfg = Debug|Win32
		{CFE07D35-1513-4BC5-9AF8-80F81DFF59E6}.Debug|x86.Build.0 = Debug|Win32
		{CFE07D35-1513-4BC5-9AF8-80F81DFF59E6}.Release|x64.ActiveCfg = Release|x64
		{CFE07D35-1513-4BC5-9AF8-80F81DFF59E6}.Release|x64.Build.0 = Release|x64
		{CFE07D35-1513-4BC5-9AF8-80F81DFF59E6}.Release|x86.ActiveCfg = Release|Win32
		{CFE07D35-1513-4BC5-9AF8-80F81DFF59E6}.Release|x86.Build.0 = Release|Win32
		{9B48ED5A-37D9-47EF-B123-E7B6E64A15FA}.Debug|x64.ActiveCfg = Debug|x64
		{9B48ED5A-37D9-47EF-B123-E7B6E64A15FA}.Debug|x64.Build.0 = Debug|x64
		{9B48ED5A-37D9-47EF-B123-E7B6E64A15FA}.Debug|x86.ActiveCfg = Debug|Win32
		{9B48ED5A-37D9-47EF-B123-E7B6E64A15FA}.Debug|x86.Build.0 = Debug|Win32
		{9B48ED5A-37D9-47EF-B123-E7B6E64A15FA}.Release|x64.ActiveCfg = Release|x64
		{9B48ED5A-37D9-47EF-B123-E7B6E64A15FA}.Release|x64.Build.0 = Release|x64
		{9B48ED5A-37D9-47EF-B123-E7B6E64A15FA}.Release|x86.ActiveCfg = Release|Win32
		{9B48ED5A-37D9-47EF-B123-E7B6E64A15FA}.Release|x86.Build.0 = Release|Win32
		{435BE526-01CE-4F6D-8A57-D7FD851CA9D5}.Debug|x64.ActiveCfg = Debug|x64
		{435BE526-01CE-4F6D-8A57-D7FD851CA9D5}.Debug|x64.Build.0 = Debug|x64
		{435BE526-01CE-4F6D-8A57-D7FD851CA9D5}.Debug|x86.ActiveCfg = Debug|Win32
		{435BE526-01CE-4F6D-8A57-D7FD851CA9D5}.Debug|x86.Build.0 = Debug|Win32
		{435BE526-01CE-4F6D-8A57-D7FD851CA9D5}.Release|x64.ActiveCfg = Release|x64
		{435BE526-01CE-4F6D-8A57-D7FD851CA9D5}.Release|x64.Build.0 = Release|x64
		{435BE526-01CE-4F6D-8A57-D7FD851CA9D5}.Release|x86.ActiveCfg = Release|Win32
		{435BE526-01CE-4F6D-8A57-D7FD851CA9D5}.Release|x86.Build.0 = Release|Win32
		{E55A6D0E-72D2-4623-BD0D-8C199AFBD47B}.Debug|x64.ActiveCfg = Debug|x64
		{E55A6D0E-72D2-4623-BD0D-8C199AFBD47B}.Debug|x64.Build.0 = Debug|x64
		{E55A6D0E-72D2-4623-BD0D-8C199AFBD47B}.Debug|x86.ActiveCfg = Debug|Win32
		{E55A6D0E-72D2-4623-BD0D-8C199AFBD47B}.Debug|x86.Build.0 = Debug|Win32
		{E55A6D0E-72D2-4623-BD0D-8C199AFBD47B}.Release|x64.ActiveCfg = Release|x64
		{E55A6D0E-72D2-4623-BD0D-8C199AFBD47B}.Release|x64.Build.0 = Release|x64
		{E55A6D0E-72D2-4623-BD0D-8C199AFBD47B}.Release|x86.ActiveCfg = Release|Win32
		{E55A6D0E-72D2-4623-BD0D-8C199AFBD47B}.Release|x86.Build.0 = Release|Win32
		{2050F1D1-E07D-494F-BD21-FEFD2FA034D6}.Debug|x64.ActiveCfg = Debug|x64
		{2050F1D1-E07D-494F-BD21-FEFD2FA034D6}.Debug|x64.Build.0 = Debug|x64
		{2050F1D1-E07D-494F-BD21-FEFD2FA034D6}.Debug|x86.ActiveCfg = Debug|Win32
		{2050F1D1-E07D-494F-BD21-FEFD2FA034D6}.Debug|x86.Build.0 = Debug|Win32
		{2050F1D1-E07D-494F-BD21-FEFD2FA034D6}.Release|x64.ActiveCfg = Release|x64
		{2050F1D1-E07D-494F-BD21-FEFD2FA034D6}.Release|x64.Build.0 = Release|x64
		{2050F1D1-E07D-494F-BD21-FEFD2FA034D6}.Release|x86.ActiveCfg = Release|Win32
		{2050F1D1-E07D-494F-BD21-FEFD2FA034D6}.Release|x86.Build.0 = Release|Win32
	EndGlobalSection
	GlobalSection(SolutionProperties) = preSolution
		HideSolutionNode = FALSE
	EndGlobalSection
	GlobalSection(ExtensibilityGlobals) = postSolution
		SolutionGuid = {A0796E68-BBCB-4E02-924E-2869C1C56E17}
	EndGlobalSection
EndGlobal
